
Microsoft Visual Studio Solution File, Format Version 12.00
# Visual Studio Version 16
VisualStudioVersion = 16.0.29911.84
MinimumVisualStudioVersion = 10.0.40219.1
Project("{FAE04EC0-301F-11D3-BF4B-00C04F79EFBC}") = "GraphAlgorithms", "GraphAlgorithms\GraphAlgorithms.csproj", "{F4A8A5DB-E587-4014-92CB-F4250F66F935}"
EndProject
Global
	GlobalSection(SolutionConfigurationPlatforms) = preSolution
		Debug|Any CPU = Debug|Any CPU
		Release|Any CPU = Release|Any CPU
	EndGlobalSection
	GlobalSection(ProjectConfigurationPlatforms) = postSolution
		{F4A8A5DB-E587-4014-92CB-F4250F66F935}.Debug|Any CPU.ActiveCfg = Debug|Any CPU
		{F4A8A5DB-E587-4014-92CB-F4250F66F935}.Debug|Any CPU.Build.0 = Debug|Any CPU
		{F4A8A5DB-E587-4014-92CB-F4250F66F935}.Release|Any CPU.ActiveCfg = Release|Any CPU
		{F4A8A5DB-E587-4014-92CB-F4250F66F935}.Release|Any CPU.Build.0 = Release|Any CPU
	EndGlobalSection
	GlobalSection(SolutionProperties) = preSolution
		HideSolutionNode = FALSE
	EndGlobalSection
	GlobalSection(ExtensibilityGlobals) = postSolution
		SolutionGuid = {18E27958-D655-4B57-A0C5-A9A5240322D8}
	EndGlobalSection
EndGlobal
